// !$*UTF8*$!
{
	archiveVersion = 1;
	classes = {
	};
	objectVersion = 50;
	objects = {

/* Begin PBXBuildFile section */
		CD2CA18A20B80F11005D2AD7 /* ContactTableViewController.swift in Sources */ = {isa = PBXBuildFile; fileRef = CD2CA18920B80F11005D2AD7 /* ContactTableViewController.swift */; };
		CD2CA18C20B80F7F005D2AD7 /* Contact.swift in Sources */ = {isa = PBXBuildFile; fileRef = CD2CA18B20B80F7F005D2AD7 /* Contact.swift */; };
		CD62070420B95CF10098DD62 /* MyTableViewCell.swift in Sources */ = {isa = PBXBuildFile; fileRef = CD62070320B95CF10098DD62 /* MyTableViewCell.swift */; };
		CDE5B4B720B7008500959729 /* AppDelegate.swift in Sources */ = {isa = PBXBuildFile; fileRef = CDE5B4B620B7008500959729 /* AppDelegate.swift */; };
		CDE5B4BC20B7008500959729 /* Main.storyboard in Resources */ = {isa = PBXBuildFile; fileRef = CDE5B4BA20B7008500959729 /* Main.storyboard */; };
		CDE5B4BE20B7008700959729 /* Assets.xcassets in Resources */ = {isa = PBXBuildFile; fileRef = CDE5B4BD20B7008700959729 /* Assets.xcassets */; };
		CDE5B4C120B7008700959729 /* LaunchScreen.storyboard in Resources */ = {isa = PBXBuildFile; fileRef = CDE5B4BF20B7008700959729 /* LaunchScreen.storyboard */; };
		CDFC2D8B20BBEA7600F650ED /* SQLite.framework in Frameworks */ = {isa = PBXBuildFile; fileRef = CDFC2D7D20BBEA6E00F650ED /* SQLite.framework */; };
		CDFC2D8C20BBEA7B00F650ED /* SQLite.framework in Frameworks */ = {isa = PBXBuildFile; fileRef = CDFC2D7D20BBEA6E00F650ED /* SQLite.framework */; };
		CDFC2D8D20BBEA7B00F650ED /* SQLite.framework in Embed Frameworks */ = {isa = PBXBuildFile; fileRef = CDFC2D7D20BBEA6E00F650ED /* SQLite.framework */; settings = {ATTRIBUTES = (CodeSignOnCopy, RemoveHeadersOnCopy, ); }; };
		CDFC2D9220BC21D700F650ED /* contact.sqlite in Resources */ = {isa = PBXBuildFile; fileRef = CDFC2D9120BC21D700F650ED /* contact.sqlite */; };
/* End PBXBuildFile section */

/* Begin PBXContainerItemProxy section */
		CDFC2D7C20BBEA6E00F650ED /* PBXContainerItemProxy */ = {
			isa = PBXContainerItemProxy;
			containerPortal = CDFC2D7220BBEA6E00F650ED /* SQLite.xcodeproj */;
			proxyType = 2;
			remoteGlobalIDString = EE247AD31C3F04ED00AE3E12;
			remoteInfo = "SQLite iOS";
		};
		CDFC2D7E20BBEA6E00F650ED /* PBXContainerItemProxy */ = {
			isa = PBXContainerItemProxy;
			containerPortal = CDFC2D7220BBEA6E00F650ED /* SQLite.xcodeproj */;
			proxyType = 2;
			remoteGlobalIDString = EE247ADD1C3F04ED00AE3E12;
			remoteInfo = "SQLiteTests iOS";
		};
		CDFC2D8020BBEA6E00F650ED /* PBXContainerItemProxy */ = {
			isa = PBXContainerItemProxy;
			containerPortal = CDFC2D7220BBEA6E00F650ED /* SQLite.xcodeproj */;
			proxyType = 2;
			remoteGlobalIDString = EE247B3C1C3F3ED000AE3E12;
			remoteInfo = "SQLite Mac";
		};
		CDFC2D8220BBEA6E00F650ED /* PBXContainerItemProxy */ = {
			isa = PBXContainerItemProxy;
			containerPortal = CDFC2D7220BBEA6E00F650ED /* SQLite.xcodeproj */;
			proxyType = 2;
			remoteGlobalIDString = EE247B451C3F3ED000AE3E12;
			remoteInfo = "SQLiteTests Mac";
		};
		CDFC2D8420BBEA6E00F650ED /* PBXContainerItemProxy */ = {
			isa = PBXContainerItemProxy;
			containerPortal = CDFC2D7220BBEA6E00F650ED /* SQLite.xcodeproj */;
			proxyType = 2;
			remoteGlobalIDString = 03A65E5A1C6BB0F50062603F;
			remoteInfo = "SQLite tvOS";
		};
		CDFC2D8620BBEA6E00F650ED /* PBXContainerItemProxy */ = {
			isa = PBXContainerItemProxy;
			containerPortal = CDFC2D7220BBEA6E00F650ED /* SQLite.xcodeproj */;
			proxyType = 2;
			remoteGlobalIDString = 03A65E631C6BB0F60062603F;
			remoteInfo = "SQLiteTests tvOS";
		};
		CDFC2D8820BBEA6E00F650ED /* PBXContainerItemProxy */ = {
			isa = PBXContainerItemProxy;
			containerPortal = CDFC2D7220BBEA6E00F650ED /* SQLite.xcodeproj */;
			proxyType = 2;
			remoteGlobalIDString = A121AC451CA35C79005A31D1;
			remoteInfo = "SQLite watchOS";
		};
		CDFC2D8E20BBEA7B00F650ED /* PBXContainerItemProxy */ = {
			isa = PBXContainerItemProxy;
			containerPortal = CDFC2D7220BBEA6E00F650ED /* SQLite.xcodeproj */;
			proxyType = 1;
			remoteGlobalIDString = EE247AD21C3F04ED00AE3E12;
			remoteInfo = "SQLite iOS";
		};
/* End PBXContainerItemProxy section */

/* Begin PBXCopyFilesBuildPhase section */
		CDFC2D9020BBEA7B00F650ED /* Embed Frameworks */ = {
			isa = PBXCopyFilesBuildPhase;
			buildActionMask = 2147483647;
			dstPath = "";
			dstSubfolderSpec = 10;
			files = (
				CDFC2D8D20BBEA7B00F650ED /* SQLite.framework in Embed Frameworks */,
			);
			name = "Embed Frameworks";
			runOnlyForDeploymentPostprocessing = 0;
		};
/* End PBXCopyFilesBuildPhase section */

/* Begin PBXFileReference section */
		CD2CA18920B80F11005D2AD7 /* ContactTableViewController.swift */ = {isa = PBXFileReference; lastKnownFileType = sourcecode.swift; path = ContactTableViewController.swift; sourceTree = "<group>"; };
		CD2CA18B20B80F7F005D2AD7 /* Contact.swift */ = {isa = PBXFileReference; lastKnownFileType = sourcecode.swift; path = Contact.swift; sourceTree = "<group>"; };
		CD62070320B95CF10098DD62 /* MyTableViewCell.swift */ = {isa = PBXFileReference; lastKnownFileType = sourcecode.swift; path = MyTableViewCell.swift; sourceTree = "<group>"; };
		CDE5B4B320B7008500959729 /* Kh-Contact.app */ = {isa = PBXFileReference; explicitFileType = wrapper.application; includeInIndex = 0; path = "Kh-Contact.app"; sourceTree = BUILT_PRODUCTS_DIR; };
		CDE5B4B620B7008500959729 /* AppDelegate.swift */ = {isa = PBXFileReference; lastKnownFileType = sourcecode.swift; path = AppDelegate.swift; sourceTree = "<group>"; };
		CDE5B4BB20B7008500959729 /* Base */ = {isa = PBXFileReference; lastKnownFileType = file.storyboard; name = Base; path = Base.lproj/Main.storyboard; sourceTree = "<group>"; };
		CDE5B4BD20B7008700959729 /* Assets.xcassets */ = {isa = PBXFileReference; lastKnownFileType = folder.assetcatalog; path = Assets.xcassets; sourceTree = "<group>"; };
		CDE5B4C020B7008700959729 /* Base */ = {isa = PBXFileReference; lastKnownFileType = file.storyboard; name = Base; path = Base.lproj/LaunchScreen.storyboard; sourceTree = "<group>"; };
		CDE5B4C220B7008700959729 /* Info.plist */ = {isa = PBXFileReference; lastKnownFileType = text.plist.xml; path = Info.plist; sourceTree = "<group>"; };
		CDFC2D7220BBEA6E00F650ED /* SQLite.xcodeproj */ = {isa = PBXFileReference; lastKnownFileType = "wrapper.pb-project"; name = SQLite.xcodeproj; path = "../../sqlite/learn-ios-existingsql/SQLite.swift-master/SQLite.xcodeproj"; sourceTree = "<group>"; };
		CDFC2D9120BC21D700F650ED /* contact.sqlite */ = {isa = PBXFileReference; lastKnownFileType = file; path = contact.sqlite; sourceTree = "<group>"; };
/* End PBXFileReference section */

/* Begin PBXFrameworksBuildPhase section */
		CDE5B4B020B7008500959729 /* Frameworks */ = {
			isa = PBXFrameworksBuildPhase;
			buildActionMask = 2147483647;
			files = (
				CDFC2D8C20BBEA7B00F650ED /* SQLite.framework in Frameworks */,
				CDFC2D8B20BBEA7600F650ED /* SQLite.framework in Frameworks */,
			);
			runOnlyForDeploymentPostprocessing = 0;
		};
/* End PBXFrameworksBuildPhase section */

/* Begin PBXGroup section */
		CDE5B4AA20B7008500959729 = {
			isa = PBXGroup;
			children = (
				CDE5B4B520B7008500959729 /* Kh-Contact */,
				CDE5B4B420B7008500959729 /* Products */,
				CDFC2D7220BBEA6E00F650ED /* SQLite.xcodeproj */,
				CDFC2D8A20BBEA7600F650ED /* Frameworks */,
			);
			sourceTree = "<group>";
		};
		CDE5B4B420B7008500959729 /* Products */ = {
			isa = PBXGroup;
			children = (
				CDE5B4B320B7008500959729 /* Kh-Contact.app */,
			);
			name = Products;
			sourceTree = "<group>";
		};
		CDE5B4B520B7008500959729 /* Kh-Contact */ = {
			isa = PBXGroup;
			children = (
				CDFC2D9120BC21D700F650ED /* contact.sqlite */,
				CD62070320B95CF10098DD62 /* MyTableViewCell.swift */,
				CDE5B4B620B7008500959729 /* AppDelegate.swift */,
				CD2CA18920B80F11005D2AD7 /* ContactTableViewController.swift */,
				CD2CA18B20B80F7F005D2AD7 /* Contact.swift */,
				CDE5B4BA20B7008500959729 /* Main.storyboard */,
				CDE5B4BD20B7008700959729 /* Assets.xcassets */,
				CDE5B4BF20B7008700959729 /* LaunchScreen.storyboard */,
				CDE5B4C220B7008700959729 /* Info.plist */,
			);
			path = "Kh-Contact";
			sourceTree = "<group>";
		};
		CDFC2D7320BBEA6E00F650ED /* Products */ = {
			isa = PBXGroup;
			children = (
				CDFC2D7D20BBEA6E00F650ED /* SQLite.framework */,
				CDFC2D7F20BBEA6E00F650ED /* SQLiteTests iOS.xctest */,
				CDFC2D8120BBEA6E00F650ED /* SQLite.framework */,
				CDFC2D8320BBEA6E00F650ED /* SQLiteTests Mac.xctest */,
				CDFC2D8520BBEA6E00F650ED /* SQLite.framework */,
				CDFC2D8720BBEA6E00F650ED /* SQLiteTests tvOS.xctest */,
				CDFC2D8920BBEA6E00F650ED /* SQLite.framework */,
			);
			name = Products;
			sourceTree = "<group>";
		};
		CDFC2D8A20BBEA7600F650ED /* Frameworks */ = {
			isa = PBXGroup;
			children = (
			);
			name = Frameworks;
			sourceTree = "<group>";
		};
/* End PBXGroup section */

/* Begin PBXNativeTarget section */
		CDE5B4B220B7008500959729 /* Kh-Contact */ = {
			isa = PBXNativeTarget;
			buildConfigurationList = CDE5B4C520B7008700959729 /* Build configuration list for PBXNativeTarget "Kh-Contact" */;
			buildPhases = (
				CDE5B4AF20B7008500959729 /* Sources */,
				CDE5B4B020B7008500959729 /* Frameworks */,
				CDE5B4B120B7008500959729 /* Resources */,
				CDFC2D9020BBEA7B00F650ED /* Embed Frameworks */,
			);
			buildRules = (
			);
			dependencies = (
				CDFC2D8F20BBEA7B00F650ED /* PBXTargetDependency */,
			);
			name = "Kh-Contact";
			productName = "Kh-Contact";
			productReference = CDE5B4B320B7008500959729 /* Kh-Contact.app */;
			productType = "com.apple.product-type.application";
		};
/* End PBXNativeTarget section */

/* Begin PBXProject section */
		CDE5B4AB20B7008500959729 /* Project object */ = {
			isa = PBXProject;
			attributes = {
				LastSwiftUpdateCheck = 0930;
				LastUpgradeCheck = 0930;
				ORGANIZATIONNAME = samrith;
				TargetAttributes = {
					CDE5B4B220B7008500959729 = {
						CreatedOnToolsVersion = 9.3.1;
					};
				};
			};
			buildConfigurationList = CDE5B4AE20B7008500959729 /* Build configuration list for PBXProject "Kh-Contact" */;
			compatibilityVersion = "Xcode 9.3";
			developmentRegion = en;
			hasScannedForEncodings = 0;
			knownRegions = (
				en,
				Base,
			);
			mainGroup = CDE5B4AA20B7008500959729;
			productRefGroup = CDE5B4B420B7008500959729 /* Products */;
			projectDirPath = "";
			projectReferences = (
				{
					ProductGroup = CDFC2D7320BBEA6E00F650ED /* Products */;
					ProjectRef = CDFC2D7220BBEA6E00F650ED /* SQLite.xcodeproj */;
				},
			);
			projectRoot = "";
			targets = (
				CDE5B4B220B7008500959729 /* Kh-Contact */,
			);
		};
/* End PBXProject section */

/* Begin PBXReferenceProxy section */
		CDFC2D7D20BBEA6E00F650ED /* SQLite.framework */ = {
			isa = PBXReferenceProxy;
			fileType = wrapper.framework;
			path = SQLite.framework;
			remoteRef = CDFC2D7C20BBEA6E00F650ED /* PBXContainerItemProxy */;
			sourceTree = BUILT_PRODUCTS_DIR;
		};
		CDFC2D7F20BBEA6E00F650ED /* SQLiteTests iOS.xctest */ = {
			isa = PBXReferenceProxy;
			fileType = wrapper.cfbundle;
			path = "SQLiteTests iOS.xctest";
			remoteRef = CDFC2D7E20BBEA6E00F650ED /* PBXContainerItemProxy */;
			sourceTree = BUILT_PRODUCTS_DIR;
		};
		CDFC2D8120BBEA6E00F650ED /* SQLite.framework */ = {
			isa = PBXReferenceProxy;
			fileType = wrapper.framework;
			path = SQLite.framework;
			remoteRef = CDFC2D8020BBEA6E00F650ED /* PBXContainerItemProxy */;
			sourceTree = BUILT_PRODUCTS_DIR;
		};
		CDFC2D8320BBEA6E00F650ED /* SQLiteTests Mac.xctest */ = {
			isa = PBXReferenceProxy;
			fileType = wrapper.cfbundle;
			path = "SQLiteTests Mac.xctest";
			remoteRef = CDFC2D8220BBEA6E00F650ED /* PBXContainerItemProxy */;
			sourceTree = BUILT_PRODUCTS_DIR;
		};
		CDFC2D8520BBEA6E00F650ED /* SQLite.framework */ = {
			isa = PBXReferenceProxy;
			fileType = wrapper.framework;
			path = SQLite.framework;
			remoteRef = CDFC2D8420BBEA6E00F650ED /* PBXContainerItemProxy */;
			sourceTree = BUILT_PRODUCTS_DIR;
		};
		CDFC2D8720BBEA6E00F650ED /* SQLiteTests tvOS.xctest */ = {
			isa = PBXReferenceProxy;
			fileType = wrapper.cfbundle;
			path = "SQLiteTests tvOS.xctest";
			remoteRef = CDFC2D8620BBEA6E00F650ED /* PBXContainerItemProxy */;
			sourceTree = BUILT_PRODUCTS_DIR;
		};
		CDFC2D8920BBEA6E00F650ED /* SQLite.framework */ = {
			isa = PBXReferenceProxy;
			fileType = wrapper.framework;
			path = SQLite.framework;
			remoteRef = CDFC2D8820BBEA6E00F650ED /* PBXContainerItemProxy */;
			sourceTree = BUILT_PRODUCTS_DIR;
		};
/* End PBXReferenceProxy section */

/* Begin PBXResourcesBuildPhase section */
		CDE5B4B120B7008500959729 /* Resources */ = {
			isa = PBXResourcesBuildPhase;
			buildActionMask = 2147483647;
			files = (
				CDE5B4C120B7008700959729 /* LaunchScreen.storyboard in Resources */,
				CDE5B4BE20B7008700959729 /* Assets.xcassets in Resources */,
				CDFC2D9220BC21D700F650ED /* contact.sqlite in Resources */,
				CDE5B4BC20B7008500959729 /* Main.storyboard in Resources */,
			);
			runOnlyForDeploymentPostprocessing = 0;
		};
/* End PBXResourcesBuildPhase section */

/* Begin PBXSourcesBuildPhase section */
		CDE5B4AF20B7008500959729 /* Sources */ = {
			isa = PBXSourcesBuildPhase;
			buildActionMask = 2147483647;
			files = (
				CD2CA18C20B80F7F005D2AD7 /* Contact.swift in Sources */,
				CD62070420B95CF10098DD62 /* MyTableViewCell.swift in Sources */,
				CD2CA18A20B80F11005D2AD7 /* ContactTableViewController.swift in Sources */,
				CDE5B4B720B7008500959729 /* AppDelegate.swift in Sources */,
			);
			runOnlyForDeploymentPostprocessing = 0;
		};
/* End PBXSourcesBuildPhase section */

/* Begin PBXTargetDependency section */
		CDFC2D8F20BBEA7B00F650ED /* PBXTargetDependency */ = {
			isa = PBXTargetDependency;
			name = "SQLite iOS";
			targetProxy = CDFC2D8E20BBEA7B00F650ED /* PBXContainerItemProxy */;
		};
/* End PBXTargetDependency section */

/* Begin PBXVariantGroup section */
		CDE5B4BA20B7008500959729 /* Main.storyboard */ = {
			isa = PBXVariantGroup;
			children = (
				CDE5B4BB20B7008500959729 /* Base */,
			);
			name = Main.storyboard;
			sourceTree = "<group>";
		};
		CDE5B4BF20B7008700959729 /* LaunchScreen.storyboard */ = {
			isa = PBXVariantGroup;
			children = (
				CDE5B4C020B7008700959729 /* Base */,
			);
			name = LaunchScreen.storyboard;
			sourceTree = "<group>";
		};
/* End PBXVariantGroup section */

/* Begin XCBuildConfiguration section */
		CDE5B4C320B7008700959729 /* Debug */ = {
			isa = XCBuildConfiguration;
			buildSettings = {
				ALWAYS_SEARCH_USER_PATHS = NO;
				CLANG_ANALYZER_NONNULL = YES;
				CLANG_ANALYZER_NUMBER_OBJECT_CONVERSION = YES_AGGRESSIVE;
				CLANG_CXX_LANGUAGE_STANDARD = "gnu++14";
				CLANG_CXX_LIBRARY = "libc++";
				CLANG_ENABLE_MODULES = YES;
				CLANG_ENABLE_OBJC_ARC = YES;
				CLANG_ENABLE_OBJC_WEAK = YES;
				CLANG_WARN_BLOCK_CAPTURE_AUTORELEASING = YES;
				CLANG_WARN_BOOL_CONVERSION = YES;
				CLANG_WARN_COMMA = YES;
				CLANG_WARN_CONSTANT_CONVERSION = YES;
				CLANG_WARN_DEPRECATED_OBJC_IMPLEMENTATIONS = YES;
				CLANG_WARN_DIRECT_OBJC_ISA_USAGE = YES_ERROR;
				CLANG_WARN_DOCUMENTATION_COMMENTS = YES;
				CLANG_WARN_EMPTY_BODY = YES;
				CLANG_WARN_ENUM_CONVERSION = YES;
				CLANG_WARN_INFINITE_RECURSION = YES;
				CLANG_WARN_INT_CONVERSION = YES;
				CLANG_WARN_NON_LITERAL_NULL_CONVERSION = YES;
				CLANG_WARN_OBJC_IMPLICIT_RETAIN_SELF = YES;
				CLANG_WARN_OBJC_LITERAL_CONVERSION = YES;
				CLANG_WARN_OBJC_ROOT_CLASS = YES_ERROR;
				CLANG_WARN_RANGE_LOOP_ANALYSIS = YES;
				CLANG_WARN_STRICT_PROTOTYPES = YES;
				CLANG_WARN_SUSPICIOUS_MOVE = YES;
				CLANG_WARN_UNGUARDED_AVAILABILITY = YES_AGGRESSIVE;
				CLANG_WARN_UNREACHABLE_CODE = YES;
				CLANG_WARN__DUPLICATE_METHOD_MATCH = YES;
				CODE_SIGN_IDENTITY = "iPhone Developer";
				COPY_PHASE_STRIP = NO;
				DEBUG_INFORMATION_FORMAT = dwarf;
				ENABLE_STRICT_OBJC_MSGSEND = YES;
				ENABLE_TESTABILITY = YES;
				GCC_C_LANGUAGE_STANDARD = gnu11;
				GCC_DYNAMIC_NO_PIC = NO;
				GCC_NO_COMMON_BLOCKS = YES;
				GCC_OPTIMIZATION_LEVEL = 0;
				GCC_PREPROCESSOR_DEFINITIONS = (
					"DEBUG=1",
					"$(inherited)",
				);
				GCC_WARN_64_TO_32_BIT_CONVERSION = YES;
				GCC_WARN_ABOUT_RETURN_TYPE = YES_ERROR;
				GCC_WARN_UNDECLARED_SELECTOR = YES;
				GCC_WARN_UNINITIALIZED_AUTOS = YES_AGGRESSIVE;
				GCC_WARN_UNUSED_FUNCTION = YES;
				GCC_WARN_UNUSED_VARIABLE = YES;
				IPHONEOS_DEPLOYMENT_TARGET = 11.3;
				MTL_ENABLE_DEBUG_INFO = YES;
				ONLY_ACTIVE_ARCH = YES;
				SDKROOT = iphoneos;
				SWIFT_ACTIVE_COMPILATION_CONDITIONS = DEBUG;
				SWIFT_OPTIMIZATION_LEVEL = "-Onone";
			};
			name = Debug;
		};
		CDE5B4C420B7008700959729 /* Release */ = {
			isa = XCBuildConfiguration;
			buildSettings = {
				ALWAYS_SEARCH_USER_PATHS = NO;
				CLANG_ANALYZER_NONNULL = YES;
				CLANG_ANALYZER_NUMBER_OBJECT_CONVERSION = YES_AGGRESSIVE;
				CLANG_CXX_LANGUAGE_STANDARD = "gnu++14";
				CLANG_CXX_LIBRARY = "libc++";
				CLANG_ENABLE_MODULES = YES;
				CLANG_ENABLE_OBJC_ARC = YES;
				CLANG_ENABLE_OBJC_WEAK = YES;
				CLANG_WARN_BLOCK_CAPTURE_AUTORELEASING = YES;
				CLANG_WARN_BOOL_CONVERSION = YES;
				CLANG_WARN_COMMA = YES;
				CLANG_WARN_CONSTANT_CONVERSION = YES;
				CLANG_WARN_DEPRECATED_OBJC_IMPLEMENTATIONS = YES;
				CLANG_WARN_DIRECT_OBJC_ISA_USAGE = YES_ERROR;
				CLANG_WARN_DOCUMENTATION_COMMENTS = YES;
				CLANG_WARN_EMPTY_BODY = YES;
				CLANG_WARN_ENUM_CONVERSION = YES;
				CLANG_WARN_INFINITE_RECURSION = YES;
				CLANG_WARN_INT_CONVERSION = YES;
				CLANG_WARN_NON_LITERAL_NULL_CONVERSION = YES;
				CLANG_WARN_OBJC_IMPLICIT_RETAIN_SELF = YES;
				CLANG_WARN_OBJC_LITERAL_CONVERSION = YES;
				CLANG_WARN_OBJC_ROOT_CLASS = YES_ERROR;
				CLANG_WARN_RANGE_LOOP_ANALYSIS = YES;
				CLANG_WARN_STRICT_PROTOTYPES = YES;
				CLANG_WARN_SUSPICIOUS_MOVE = YES;
				CLANG_WARN_UNGUARDED_AVAILABILITY = YES_AGGRESSIVE;
				CLANG_WARN_UNREACHABLE_CODE = YES;
				CLANG_WARN__DUPLICATE_METHOD_MATCH = YES;
				CODE_SIGN_IDENTITY = "iPhone Developer";
				COPY_PHASE_STRIP = NO;
				DEBUG_INFORMATION_FORMAT = "dwarf-with-dsym";
				ENABLE_NS_ASSERTIONS = NO;
				ENABLE_STRICT_OBJC_MSGSEND = YES;
				GCC_C_LANGUAGE_STANDARD = gnu11;
				GCC_NO_COMMON_BLOCKS = YES;
				GCC_WARN_64_TO_32_BIT_CONVERSION = YES;
				GCC_WARN_ABOUT_RETURN_TYPE = YES_ERROR;
				GCC_WARN_UNDECLARED_SELECTOR = YES;
				GCC_WARN_UNINITIALIZED_AUTOS = YES_AGGRESSIVE;
				GCC_WARN_UNUSED_FUNCTION = YES;
				GCC_WARN_UNUSED_VARIABLE = YES;
				IPHONEOS_DEPLOYMENT_TARGET = 11.3;
				MTL_ENABLE_DEBUG_INFO = NO;
				SDKROOT = iphoneos;
				SWIFT_COMPILATION_MODE = wholemodule;
				SWIFT_OPTIMIZATION_LEVEL = "-O";
				VALIDATE_PRODUCT = YES;
			};
			name = Release;
		};
		CDE5B4C620B7008700959729 /* Debug */ = {
			isa = XCBuildConfiguration;
			buildSettings = {
				ALWAYS_EMBED_SWIFT_STANDARD_LIBRARIES = YES;
				ASSETCATALOG_COMPILER_APPICON_NAME = AppIcon;
				CODE_SIGN_STYLE = Automatic;
				DEVELOPMENT_TEAM = LCN239U73A;
				INFOPLIST_FILE = "Kh-Contact/Info.plist";
				LD_RUNPATH_SEARCH_PATHS = (
					"$(inherited)",
					"@executable_path/Frameworks",
				);
				PRODUCT_BUNDLE_IDENTIFIER = "com.samrith.Kh-Contact";
				PRODUCT_NAME = "$(TARGET_NAME)";
				SWIFT_VERSION = 4.0;
				TARGETED_DEVICE_FAMILY = "1,2";
			};
			name = Debug;
		};
		CDE5B4C720B7008700959729 /* Release */ = {
			isa = XCBuildConfiguration;
			buildSettings = {
				ALWAYS_EMBED_SWIFT_STANDARD_LIBRARIES = YES;
				ASSETCATALOG_COMPILER_APPICON_NAME = AppIcon;
				CODE_SIGN_STYLE = Automatic;
				DEVELOPMENT_TEAM = LCN239U73A;
				INFOPLIST_FILE = "Kh-Contact/Info.plist";
				LD_RUNPATH_SEARCH_PATHS = (
					"$(inherited)",
					"@executable_path/Frameworks",
				);
				PRODUCT_BUNDLE_IDENTIFIER = "com.samrith.Kh-Contact";
				PRODUCT_NAME = "$(TARGET_NAME)";
				SWIFT_VERSION = 4.0;
				TARGETED_DEVICE_FAMILY = "1,2";
			};
			name = Release;
		};
/* End XCBuildConfiguration section */

/* Begin XCConfigurationList section */
		CDE5B4AE20B7008500959729 /* Build configuration list for PBXProject "Kh-Contact" */ = {
			isa = XCConfigurationList;
			buildConfigurations = (
				CDE5B4C320B7008700959729 /* Debug */,
				CDE5B4C420B7008700959729 /* Release */,
			);
			defaultConfigurationIsVisible = 0;
			defaultConfigurationName = Release;
		};
		CDE5B4C520B7008700959729 /* Build configuration list for PBXNativeTarget "Kh-Contact" */ = {
			isa = XCConfigurationList;
			buildConfigurations = (
				CDE5B4C620B7008700959729 /* Debug */,
				CDE5B4C720B7008700959729 /* Release */,
			);
			defaultConfigurationIsVisible = 0;
			defaultConfigurationName = Release;
		};
/* End XCConfigurationList section */
	};
	rootObject = CDE5B4AB20B7008500959729 /* Project object */;
}
